PODS:
  - AppsFlyerFramework (6.13.2):
    - AppsFlyerFramework/Main (= 6.13.2)
  - AppsFlyerFramework/Main (6.13.2)
  - Rudder (1.17.0)
  - Rudder-Appsflyer (2.5.0):
    - AppsFlyerFramework (~> 6.12)
    - Rudder (~> 1.12)

DEPENDENCIES:
  - Rudder-Appsflyer (from `../`)

SPEC REPOS:
  trunk:
    - AppsFlyerFramework
    - Rudder

EXTERNAL SOURCES:
  Rudder-Appsflyer:
    :path: "../"

SPEC CHECKSUMS:
  AppsFlyerFramework: 39efd4d2523ca9e3234805aea0c6b3c3a4a387d1
  Rudder: 3f4ab09638452282a22b96a388b54132dcd3fca8
  Rudder-Appsflyer: 63ce2dcea82fac0d0dda654289715048a784839e

PODFILE CHECKSUM: 49c77f0049a9ff4b4e9202c3918c8ff06a57b815

COCOAPODS: 1.14.3
