PODS:
  - AppsFlyerFramework (6.10.1):
    - AppsFlyerFramework/Main (= 6.10.1)
  - AppsFlyerFramework/Main (6.10.1)
  - Rudder (1.13.0)
  - Rudder-Appsflyer (2.2.0):
    - AppsFlyerFramework (~> 6.10)
    - Rudder (~> 1.12)

DEPENDENCIES:
  - Rudder-Appsflyer (from `../`)

SPEC REPOS:
  trunk:
    - AppsFlyerFramework
    - Rudder

EXTERNAL SOURCES:
  Rudder-Appsflyer:
    :path: "../"

SPEC CHECKSUMS:
  AppsFlyerFramework: 88a6eed37ad52bcee4ad74232efa8e22809d06c9
  Rudder: 840bf4dfd9816ce6a82cb8870f1a2d4a44ed2652
  Rudder-Appsflyer: 94b945c1dff963d5e655719980453ccbb9c083eb

PODFILE CHECKSUM: 49c77f0049a9ff4b4e9202c3918c8ff06a57b815

COCOAPODS: 1.12.0
