{
  "object": {
    "pins": [
      {
        "package": "AppsFlyerLib",
        "repositoryURL": "https://github.com/AppsFlyerSDK/AppsFlyerFramework-Static",
        "state": {
          "branch": null,
          "revision": "14ab04fdb7cfd40623477e111698fe1cad888728",
          "version": "7.0.2"
        }
      },
      {
        "package": "Rudder",
        "repositoryURL": "https://github.com/rudderlabs/rudder-sdk-ios",
        "state": {
          "branch": null,
          "revision": "f8b81a15b787cb0c34826dd615741ae0110593e5",
          "version": "1.32.2"
        }
      }
    ]
  },
  "version": 1
}
