{
  "object": {
    "pins": [
      {
        "package": "AppsFlyerLib",
        "repositoryURL": "https://github.com/AppsFlyerSDK/AppsFlyerFramework",
        "state": {
          "branch": null,
          "revision": "0d8359239a349db4ac2aba8efe2ad8835fc799b5",
          "version": "6.12.2"
        }
      },
      {
        "package": "RSCrashReporter",
        "repositoryURL": "https://github.com/rudderlabs/crash-reporter-ios",
        "state": {
          "branch": null,
          "revision": "f8fc2f043332033aa49aed21180f3742bf05b61d",
          "version": "1.1.0"
        }
      },
      {
        "package": "MetricsReporter",
        "repositoryURL": "https://github.com/rudderlabs/metrics-reporter-ios",
        "state": {
          "branch": null,
          "revision": "fae035db90a966f863f34442051d2be3f3605c5a",
          "version": "1.2.0"
        }
      },
      {
        "package": "RudderKit",
        "repositoryURL": "https://github.com/rudderlabs/rudder-ios-kit",
        "state": {
          "branch": null,
          "revision": "8a557a80cc1b0e0bc948c2b17fe0fd3809bcfd61",
          "version": "1.4.0"
        }
      },
      {
        "package": "Rudder",
        "repositoryURL": "https://github.com/rudderlabs/rudder-sdk-ios",
        "state": {
          "branch": null,
          "revision": "383a515d144c36a5e173147b26be721a5c9d39f3",
          "version": "1.23.1"
        }
      }
    ]
  },
  "version": 1
}
